
Microsoft Visual Studio Solution File, Format Version 12.00
# Visual Studio Version 16
VisualStudioVersion = 16.0.33801.447
MinimumVisualStudioVersion = 10.0.40219.1
Project("{FAE04EC0-301F-11D3-BF4B-00C04F79EFBC}") = "type", "type\type.csproj", "{DEAF4301-6FDB-4299-BA32-282716B22A11}"
EndProject
Global
	GlobalSection(SolutionConfigurationPlatforms) = preSolution
		Debug|Any CPU = Debug|Any CPU
		Release|Any CPU = Release|Any CPU
	EndGlobalSection
	GlobalSection(ProjectConfigurationPlatforms) = postSolution
		{DEAF4301-6FDB-4299-BA32-282716B22A11}.Debug|Any CPU.ActiveCfg = Debug|Any CPU
		{DEAF4301-6FDB-4299-BA32-282716B22A11}.Debug|Any CPU.Build.0 = Debug|Any CPU
		{DEAF4301-6FDB-4299-BA32-282716B22A11}.Release|Any CPU.ActiveCfg = Release|Any CPU
		{DEAF4301-6FDB-4299-BA32-282716B22A11}.Release|Any CPU.Build.0 = Release|Any CPU
	EndGlobalSection
	GlobalSection(SolutionProperties) = preSolution
		HideSolutionNode = FALSE
	EndGlobalSection
	GlobalSection(ExtensibilityGlobals) = postSolution
		SolutionGuid = {D45C8646-BF40-4132-A25F-51ED0657C148}
	EndGlobalSection
EndGlobal
